
Microsoft Visual Studio Solution File, Format Version 12.00
# Visual Studio Version 17
VisualStudioVersion = 17.8.34309.116
MinimumVisualStudioVersion = 10.0.40219.1
Project("{9A19103F-16F7-4668-BE54-9A1E7A4F7556}") = "FlightsAPI", "FlightsAPI\FlightsAPI.csproj", "{028E7F37-EC4D-4E65-9E9E-C13A52744A8E}"
EndProject
Project("{FAE04EC0-301F-11D3-BF4B-00C04F79EFBC}") = "FlightsApi.Tests", "FlightsApi.Tests\FlightsApi.Tests.csproj", "{72821BC5-A325-4DA5-BE36-BF7F46EA034D}"
EndProject
Global
	GlobalSection(SolutionConfigurationPlatforms) = preSolution
		Debug|Any CPU = Debug|Any CPU
		Release|Any CPU = Release|Any CPU
	EndGlobalSection
	GlobalSection(ProjectConfigurationPlatforms) = postSolution
		{028E7F37-EC4D-4E65-9E9E-C13A52744A8E}.Debug|Any CPU.ActiveCfg = Debug|Any CPU
		{028E7F37-EC4D-4E65-9E9E-C13A52744A8E}.Debug|Any CPU.Build.0 = Debug|Any CPU
		{028E7F37-EC4D-4E65-9E9E-C13A52744A8E}.Release|Any CPU.ActiveCfg = Release|Any CPU
		{028E7F37-EC4D-4E65-9E9E-C13A52744A8E}.Release|Any CPU.Build.0 = Release|Any CPU
		{72821BC5-A325-4DA5-BE36-BF7F46EA034D}.Debug|Any CPU.ActiveCfg = Debug|Any CPU
		{72821BC5-A325-4DA5-BE36-BF7F46EA034D}.Debug|Any CPU.Build.0 = Debug|Any CPU
		{72821BC5-A325-4DA5-BE36-BF7F46EA034D}.Release|Any CPU.ActiveCfg = Release|Any CPU
		{72821BC5-A325-4DA5-BE36-BF7F46EA034D}.Release|Any CPU.Build.0 = Release|Any CPU
	EndGlobalSection
	GlobalSection(SolutionProperties) = preSolution
		HideSolutionNode = FALSE
	EndGlobalSection
	GlobalSection(ExtensibilityGlobals) = postSolution
		SolutionGuid = {F9BB8A08-3C8C-4715-8D82-1FDF7761EECF}
	EndGlobalSection
EndGlobal
